{
  "version": 4,
  "terraform_version": "1.12.1",
  "serial": 6,
  "lineage": "52964222-102c-b5d6-c431-e968b6207375",
  "outputs": {},
  "resources": [
    {
      "mode": "managed",
      "type": "aws_vpc",
      "name": "my_vpc1",
      "provider": "provider[\"registry.terraform.io/hashicorp/aws\"]",
      "instances": [
        {
          "schema_version": 1,
          "attributes": {
            "arn": "arn:aws:ec2:ap-south-1:796973506972:vpc/vpc-028edcc5947eabe23",
            "assign_generated_ipv6_cidr_block": false,
            "cidr_block": "10.0.0.0/16",
            "default_network_acl_id": "acl-0b29488190aaee797",
            "default_route_table_id": "rtb-01ffff9216d27aed4",
            "default_security_group_id": "sg-0c22c41b0bca3ae0c",
            "dhcp_options_id": "dopt-0fb2323910abbf17e",
            "enable_dns_hostnames": false,
            "enable_dns_support": true,
            "enable_network_address_usage_metrics": false,
            "id": "vpc-028edcc5947eabe23",
            "instance_tenancy": "default",
            "ipv4_ipam_pool_id": null,
            "ipv4_netmask_length": null,
            "ipv6_association_id": "",
            "ipv6_cidr_block": "",
            "ipv6_cidr_block_network_border_group": "",
            "ipv6_ipam_pool_id": "",
            "ipv6_netmask_length": 0,
            "main_route_table_id": "rtb-01ffff9216d27aed4",
            "owner_id": "796973506972",
            "region": "ap-south-1",
            "tags": {
              "Name": "my_vpc1"
            },
            "tags_all": {
              "Name": "my_vpc1"
            }
          },
          "sensitive_attributes": [],
          "identity_schema_version": 0,
          "private": "eyJzY2hlbWFfdmVyc2lvbiI6IjEifQ=="
        }
      ]
    }
  ],
  "check_results": null
}
