{
  "version": 4,
  "terraform_version": "1.12.1",
  "serial": 12,
  "lineage": "1e306950-3a8b-2530-88ee-15d1e7da8157",
  "outputs": {
    "user_data": {
      "value": [
        "levi",
        "saitama",
        "naruto"
      ],
      "type": [
        "tuple",
        [
          "string",
          "string",
          "string"
        ]
      ]
    }
  },
  "resources": [
    {
      "mode": "managed",
      "type": "aws_iam_user",
      "name": "create-user",
      "provider": "provider[\"registry.terraform.io/hashicorp/aws\"]",
      "instances": [
        {
          "index_key": "levi",
          "schema_version": 0,
          "attributes": {
            "arn": "arn:aws:iam::796973506972:user/levi",
            "force_destroy": false,
            "id": "levi",
            "name": "levi",
            "path": "/",
            "permissions_boundary": "",
            "tags": null,
            "tags_all": {},
            "unique_id": "AIDA3TD2SUGOO2575J2PI"
          },
          "sensitive_attributes": [],
          "identity_schema_version": 0,
          "private": "bnVsbA=="
        },
        {
          "index_key": "naruto",
          "schema_version": 0,
          "attributes": {
            "arn": "arn:aws:iam::796973506972:user/naruto",
            "force_destroy": false,
            "id": "naruto",
            "name": "naruto",
            "path": "/",
            "permissions_boundary": "",
            "tags": null,
            "tags_all": {},
            "unique_id": "AIDA3TD2SUGOJHVV6VENN"
          },
          "sensitive_attributes": [],
          "identity_schema_version": 0,
          "private": "bnVsbA=="
        },
        {
          "index_key": "saitama",
          "schema_version": 0,
          "attributes": {
            "arn": "arn:aws:iam::796973506972:user/saitama",
            "force_destroy": false,
            "id": "saitama",
            "name": "saitama",
            "path": "/",
            "permissions_boundary": "",
            "tags": null,
            "tags_all": {},
            "unique_id": "AIDA3TD2SUGOOIPWGN66J"
          },
          "sensitive_attributes": [],
          "identity_schema_version": 0,
          "private": "bnVsbA=="
        }
      ]
    },
    {
      "mode": "managed",
      "type": "aws_iam_user_login_profile",
      "name": "login",
      "provider": "provider[\"registry.terraform.io/hashicorp/aws\"]",
      "instances": [
        {
          "index_key": "levi",
          "schema_version": 0,
          "attributes": {
            "encrypted_password": null,
            "id": "levi",
            "key_fingerprint": null,
            "password": "#Vo3S4N#{7",
            "password_length": 10,
            "password_reset_required": null,
            "pgp_key": null,
            "user": "levi"
          },
          "sensitive_attributes": [
            [
              {
                "type": "get_attr",
                "value": "password"
              }
            ]
          ],
          "identity_schema_version": 0,
          "private": "bnVsbA==",
          "dependencies": [
            "aws_iam_user.create-user"
          ]
        },
        {
          "index_key": "naruto",
          "schema_version": 0,
          "attributes": {
            "encrypted_password": null,
            "id": "naruto",
            "key_fingerprint": null,
            "password": "t]ON'k1YOY",
            "password_length": 10,
            "password_reset_required": null,
            "pgp_key": null,
            "user": "naruto"
          },
          "sensitive_attributes": [
            [
              {
                "type": "get_attr",
                "value": "password"
              }
            ]
          ],
          "identity_schema_version": 0,
          "private": "bnVsbA==",
          "dependencies": [
            "aws_iam_user.create-user"
          ]
        },
        {
          "index_key": "saitama",
          "schema_version": 0,
          "attributes": {
            "encrypted_password": null,
            "id": "saitama",
            "key_fingerprint": null,
            "password": "AV!y70k0iM",
            "password_length": 10,
            "password_reset_required": null,
            "pgp_key": null,
            "user": "saitama"
          },
          "sensitive_attributes": [
            [
              {
                "type": "get_attr",
                "value": "password"
              }
            ]
          ],
          "identity_schema_version": 0,
          "private": "bnVsbA==",
          "dependencies": [
            "aws_iam_user.create-user"
          ]
        }
      ]
    }
  ],
  "check_results": null
}
